
Microsoft Visual Studio Solution File, Format Version 12.00
# Visual Studio 15
VisualStudioVersion = 15.0.28010.2016
MinimumVisualStudioVersion = 10.0.40219.1
Project("{FAE04EC0-301F-11D3-BF4B-00C04F79EFBC}") = "MovieDisplayWeb", "MovieDisplayWeb\MovieDisplayWeb.csproj", "{BA63F7DA-4FB0-43BB-846E-7278AAA6B241}"
EndProject
Project("{FAE04EC0-301F-11D3-BF4B-00C04F79EFBC}") = "MovieDisplayWeb.Tests", "MovieDisplayWeb.Tests\MovieDisplayWeb.Tests.csproj", "{3E01A55F-3345-4685-B9B3-EFB95995CF61}"
EndProject
Global
	GlobalSection(SolutionConfigurationPlatforms) = preSolution
		Debug|Any CPU = Debug|Any CPU
		Release|Any CPU = Release|Any CPU
	EndGlobalSection
	GlobalSection(ProjectConfigurationPlatforms) = postSolution
		{BA63F7DA-4FB0-43BB-846E-7278AAA6B241}.Debug|Any CPU.ActiveCfg = Debug|Any CPU
		{BA63F7DA-4FB0-43BB-846E-7278AAA6B241}.Debug|Any CPU.Build.0 = Debug|Any CPU
		{BA63F7DA-4FB0-43BB-846E-7278AAA6B241}.Release|Any CPU.ActiveCfg = Release|Any CPU
		{BA63F7DA-4FB0-43BB-846E-7278AAA6B241}.Release|Any CPU.Build.0 = Release|Any CPU
		{3E01A55F-3345-4685-B9B3-EFB95995CF61}.Debug|Any CPU.ActiveCfg = Debug|Any CPU
		{3E01A55F-3345-4685-B9B3-EFB95995CF61}.Debug|Any CPU.Build.0 = Debug|Any CPU
		{3E01A55F-3345-4685-B9B3-EFB95995CF61}.Release|Any CPU.ActiveCfg = Release|Any CPU
		{3E01A55F-3345-4685-B9B3-EFB95995CF61}.Release|Any CPU.Build.0 = Release|Any CPU
	EndGlobalSection
	GlobalSection(SolutionProperties) = preSolution
		HideSolutionNode = FALSE
	EndGlobalSection
	GlobalSection(ExtensibilityGlobals) = postSolution
		SolutionGuid = {0EADF68A-61EA-4557-A06C-5DCE3F87591C}
	EndGlobalSection
EndGlobal
